<?xml version="1.0" encoding="utf-8"?>
<Project ToolsVersion="4.0" xmlns="http://schemas.microsoft.com/developer/msbuild/2003">
  <ItemGroup>
    <Filter Include="Source Files">
      <UniqueIdentifier>{4FC737F1-C7A5-4376-A066-2A32D752A2FF}</UniqueIdentifier>
      <Extensions>cpp;c;cc;cxx;def;odl;idl;hpj;bat;asm;asmx</Extensions>
    </Filter>
    <Filter Include="Header Files">
      <UniqueIdentifier>{93995380-89BD-4b04-88EB-625FBE52EBFB}</UniqueIdentifier>
      <Extensions>h;hpp;hxx;hm;inl;inc;xsd</Extensions>
    </Filter>
    <Filter Include="Documents">
      <UniqueIdentifier>{b8dd2600-7302-4aa7-a99d-1607cd3cd4fb}</UniqueIdentifier>
      <Extensions>txt;doc;html</Extensions>
    </Filter>
    <Filter Include="Header Files\Helpers">
      <UniqueIdentifier>{20abc4b2-3a8a-48c5-b8c3-40b36da1faa8}</UniqueIdentifier>
    </Filter>
    <Filter Include="Source Files\Helpers">
      <UniqueIdentifier>{b8f3d0cb-37c5-4fd5-8aa0-9ea2cc979d46}</UniqueIdentifier>
    </Filter>
    <Filter Include="Source Files\Hooks">
      <UniqueIdentifier>{1a6e6e16-052d-4b06-9b2b-be475cd02bed}</UniqueIdentifier>
    </Filter>
    <Filter Include="Header Files\Hooks">
      <UniqueIdentifier>{73b16fc3-10e8-4f1a-8d90-d120e993a640}</UniqueIdentifier>
    </Filter>
    <Filter Include="Source Files\PINdemonium">
      <UniqueIdentifier>{d44ca324-388e-4cc3-a1c6-c611bde6f446}</UniqueIdentifier>
    </Filter>
    <Filter Include="Source Files\PINdemonium\OEP-Heuristics">
      <UniqueIdentifier>{c82c1b21-c180-4abf-a4a2-b65a03c90ba4}</UniqueIdentifier>
    </Filter>
    <Filter Include="Header Files\PINdemonium">
      <UniqueIdentifier>{e8c75c99-4367-48cf-ac32-a152bc7be725}</UniqueIdentifier>
    </Filter>
    <Filter Include="Header Files\PINdemonium\OEP-Heuristics">
      <UniqueIdentifier>{35aa198c-b8a2-4e0a-98e9-1ac38d9d7aa3}</UniqueIdentifier>
    </Filter>
  </ItemGroup>
  <ItemGroup>
    <ClCompile Include="Heuristics.cpp">
      <Filter>Source Files\PINdemonium\OEP-Heuristics</Filter>
    </ClCompile>
    <ClCompile Include="LongJumpHeuristic.cpp">
      <Filter>Source Files\PINdemonium\OEP-Heuristics</Filter>
    </ClCompile>
    <ClCompile Include="EntropyHeuristic.cpp">
      <Filter>Source Files\PINdemonium\OEP-Heuristics</Filter>
    </ClCompile>
    <ClCompile Include="PushadPopadHeuristic.cpp">
      <Filter>Source Files\PINdemonium\OEP-Heuristics</Filter>
    </ClCompile>
    <ClCompile Include="GdbDebugger.cpp">
      <Filter>Source Files\Helpers</Filter>
    </ClCompile>
    <ClCompile Include="JumpOuterSectionHeuristic.cpp">
      <Filter>Source Files\PINdemonium\OEP-Heuristics</Filter>
    </ClCompile>
    <ClCompile Include="InitFunctionCallHeuristic.cpp">
      <Filter>Source Files\PINdemonium\OEP-Heuristics</Filter>
    </ClCompile>
    <ClCompile Include="Config.cpp">
      <Filter>Source Files\Helpers</Filter>
    </ClCompile>
    <ClCompile Include="ScyllaWrapperInterface.cpp">
      <Filter>Source Files\Helpers</Filter>
    </ClCompile>
    <ClCompile Include="HookSyscalls.cpp">
      <Filter>Source Files\Hooks</Filter>
    </ClCompile>
    <ClCompile Include="HookFunctions.cpp">
      <Filter>Source Files\Hooks</Filter>
    </ClCompile>
    <ClCompile Include="FilterHandler.cpp">
      <Filter>Source Files\Helpers</Filter>
    </ClCompile>
    <ClCompile Include="ProcInfo.cpp">
      <Filter>Source Files\Helpers</Filter>
    </ClCompile>
    <ClCompile Include="WxorXHandler.cpp">
      <Filter>Source Files\PINdemonium</Filter>
    </ClCompile>
    <ClCompile Include="WriteInterval.cpp">
      <Filter>Source Files\PINdemonium</Filter>
    </ClCompile>
    <ClCompile Include="OepFinder.cpp">
      <Filter>Source Files\PINdemonium</Filter>
    </ClCompile>
    <ClCompile Include="PINdemonium.cpp">
      <Filter>Source Files</Filter>
    </ClCompile>
    <ClCompile Include="PolymorphicCodeHandlerModule.cpp">
      <Filter>Source Files\PINdemonium</Filter>
    </ClCompile>
  </ItemGroup>
  <ItemGroup>
    <None Include="..\README">
      <Filter>Documents</Filter>
    </None>
  </ItemGroup>
  <ItemGroup>
    <ClInclude Include="Heuristics.h">
      <Filter>Header Files\PINdemonium\OEP-Heuristics</Filter>
    </ClInclude>
    <ClInclude Include="LongJumpHeuristic.h">
      <Filter>Header Files\PINdemonium\OEP-Heuristics</Filter>
    </ClInclude>
    <ClInclude Include="EntropyHeuristic.h">
      <Filter>Header Files\PINdemonium\OEP-Heuristics</Filter>
    </ClInclude>
    <ClInclude Include="PushadPopadHeuristic.h">
      <Filter>Header Files\PINdemonium\OEP-Heuristics</Filter>
    </ClInclude>
    <ClInclude Include="JumpOuterSectionHeuristic.h">
      <Filter>Header Files\PINdemonium\OEP-Heuristics</Filter>
    </ClInclude>
    <ClInclude Include="InitFunctionCallHeuristic.h">
      <Filter>Header Files\PINdemonium\OEP-Heuristics</Filter>
    </ClInclude>
    <ClInclude Include="ProcInfo.h">
      <Filter>Header Files</Filter>
    </ClInclude>
    <ClInclude Include="GdbDebugger.h">
      <Filter>Header Files\Helpers</Filter>
    </ClInclude>
    <ClInclude Include="Config.h">
      <Filter>Header Files\Helpers</Filter>
    </ClInclude>
    <ClInclude Include="ScyllaWrapperInterface.h">
      <Filter>Header Files\Helpers</Filter>
    </ClInclude>
    <ClInclude Include="Debug.h">
      <Filter>Header Files\Helpers</Filter>
    </ClInclude>
    <ClInclude Include="HookSyscalls.h">
      <Filter>Header Files\Hooks</Filter>
    </ClInclude>
    <ClInclude Include="HookFunctions.h">
      <Filter>Header Files\Hooks</Filter>
    </ClInclude>
    <ClInclude Include="FilterHandler.h">
      <Filter>Header Files\Helpers</Filter>
    </ClInclude>
    <ClInclude Include="ProcInfo.h">
      <Filter>Header Files\Helpers</Filter>
    </ClInclude>
    <ClInclude Include="OepFinder.h">
      <Filter>Header Files\PINdemonium</Filter>
    </ClInclude>
    <ClInclude Include="WriteInterval.h">
      <Filter>Header Files\PINdemonium</Filter>
    </ClInclude>
    <ClInclude Include="WxorXHandler.h">
      <Filter>Header Files\PINdemonium</Filter>
    </ClInclude>
    <ClInclude Include="PolymorphicCodeHandlerModule.h">
      <Filter>Header Files\PINdemonium</Filter>
    </ClInclude>
  </ItemGroup>
</Project>